
Microsoft Visual Studio Solution File, Format Version 12.00
Project("{F2A71F9B-5D33-465A-A702-920D77279786}") = "Wonderland", "Wonderland\Wonderland.fsproj", "{BC7A802F-6912-4668-B480-82BBD7822885}"
EndProject
Project("{F2A71F9B-5D33-465A-A702-920D77279786}") = "Wonderland.Test", "Wonderland.Test\Wonderland.Test.fsproj", "{B41BBA89-B938-4FCE-A106-0442D2AD7D4C}"
EndProject
Global
	GlobalSection(SolutionConfigurationPlatforms) = preSolution
		Debug|Any CPU = Debug|Any CPU
		Release|Any CPU = Release|Any CPU
	EndGlobalSection
	GlobalSection(ProjectConfigurationPlatforms) = postSolution
		{BC7A802F-6912-4668-B480-82BBD7822885}.Debug|Any CPU.ActiveCfg = Debug|Any CPU
		{BC7A802F-6912-4668-B480-82BBD7822885}.Debug|Any CPU.Build.0 = Debug|Any CPU
		{BC7A802F-6912-4668-B480-82BBD7822885}.Release|Any CPU.ActiveCfg = Release|Any CPU
		{BC7A802F-6912-4668-B480-82BBD7822885}.Release|Any CPU.Build.0 = Release|Any CPU
		{B41BBA89-B938-4FCE-A106-0442D2AD7D4C}.Debug|Any CPU.ActiveCfg = Debug|Any CPU
		{B41BBA89-B938-4FCE-A106-0442D2AD7D4C}.Debug|Any CPU.Build.0 = Debug|Any CPU
		{B41BBA89-B938-4FCE-A106-0442D2AD7D4C}.Release|Any CPU.ActiveCfg = Release|Any CPU
		{B41BBA89-B938-4FCE-A106-0442D2AD7D4C}.Release|Any CPU.Build.0 = Release|Any CPU
	EndGlobalSection
EndGlobal
